
Microsoft Visual Studio Solution File, Format Version 12.00
# Visual Studio Version 17
VisualStudioVersion = 17.8.34330.188
MinimumVisualStudioVersion = 10.0.40219.1
Project("{9A19103F-16F7-4668-BE54-9A1E7A4F7556}") = "BlazorApp1", "BlazorApp1\BlazorApp1\BlazorApp1.csproj", "{4ADA0408-2D76-472B-85CD-7077E43FF929}"
EndProject
Project("{9A19103F-16F7-4668-BE54-9A1E7A4F7556}") = "BlazorApp1.Client", "BlazorApp1\BlazorApp1.Client\BlazorApp1.Client.csproj", "{EC6BE3D4-506C-46C3-A410-8EA1BBD022AD}"
EndProject
Project("{FAE04EC0-301F-11D3-BF4B-00C04F79EFBC}") = "BlazorApp1.Shared", "BlazorApp1.Shared\BlazorApp1.Shared.csproj", "{72A563CE-D21A-4898-AE3C-8E2763886822}"
EndProject
Global
	GlobalSection(SolutionConfigurationPlatforms) = preSolution
		Debug|Any CPU = Debug|Any CPU
		Release|Any CPU = Release|Any CPU
	EndGlobalSection
	GlobalSection(ProjectConfigurationPlatforms) = postSolution
		{4ADA0408-2D76-472B-85CD-7077E43FF929}.Debug|Any CPU.ActiveCfg = Debug|Any CPU
		{4ADA0408-2D76-472B-85CD-7077E43FF929}.Debug|Any CPU.Build.0 = Debug|Any CPU
		{4ADA0408-2D76-472B-85CD-7077E43FF929}.Release|Any CPU.ActiveCfg = Release|Any CPU
		{4ADA0408-2D76-472B-85CD-7077E43FF929}.Release|Any CPU.Build.0 = Release|Any CPU
		{EC6BE3D4-506C-46C3-A410-8EA1BBD022AD}.Debug|Any CPU.ActiveCfg = Debug|Any CPU
		{EC6BE3D4-506C-46C3-A410-8EA1BBD022AD}.Debug|Any CPU.Build.0 = Debug|Any CPU
		{EC6BE3D4-506C-46C3-A410-8EA1BBD022AD}.Release|Any CPU.ActiveCfg = Release|Any CPU
		{EC6BE3D4-506C-46C3-A410-8EA1BBD022AD}.Release|Any CPU.Build.0 = Release|Any CPU
		{72A563CE-D21A-4898-AE3C-8E2763886822}.Debug|Any CPU.ActiveCfg = Debug|Any CPU
		{72A563CE-D21A-4898-AE3C-8E2763886822}.Debug|Any CPU.Build.0 = Debug|Any CPU
		{72A563CE-D21A-4898-AE3C-8E2763886822}.Release|Any CPU.ActiveCfg = Release|Any CPU
		{72A563CE-D21A-4898-AE3C-8E2763886822}.Release|Any CPU.Build.0 = Release|Any CPU
	EndGlobalSection
	GlobalSection(SolutionProperties) = preSolution
		HideSolutionNode = FALSE
	EndGlobalSection
	GlobalSection(ExtensibilityGlobals) = postSolution
		SolutionGuid = {1D865BBC-2F84-4B0C-B8EB-B7A2B50D7ACB}
	EndGlobalSection
EndGlobal
